// !$*UTF8*$!
{
	archiveVersion = 1;
	classes = {
	};
	objectVersion = 50;
	objects = {

/* Begin PBXBuildFile section */
		236C1260223458780072197B /* AppDelegate.swift in Sources */ = {isa = PBXBuildFile; fileRef = 236C125F223458780072197B /* AppDelegate.swift */; };
		236C1262223458780072197B /* MasterViewController.swift in Sources */ = {isa = PBXBuildFile; fileRef = 236C1261223458780072197B /* MasterViewController.swift */; };
		236C1264223458780072197B /* DetailViewController.swift in Sources */ = {isa = PBXBuildFile; fileRef = 236C1263223458780072197B /* DetailViewController.swift */; };
		236C1267223458780072197B /* Main.storyboard in Resources */ = {isa = PBXBuildFile; fileRef = 236C1265223458780072197B /* Main.storyboard */; };
		236C12692234587B0072197B /* Assets.xcassets in Resources */ = {isa = PBXBuildFile; fileRef = 236C12682234587B0072197B /* Assets.xcassets */; };
		236C126C2234587B0072197B /* LaunchScreen.storyboard in Resources */ = {isa = PBXBuildFile; fileRef = 236C126A2234587B0072197B /* LaunchScreen.storyboard */; };
		236C12772234587B0072197B /* PaintersAndPaintingsTests.swift in Sources */ = {isa = PBXBuildFile; fileRef = 236C12762234587B0072197B /* PaintersAndPaintingsTests.swift */; };
		236C12822234587B0072197B /* PaintersAndPaintingsUITests.swift in Sources */ = {isa = PBXBuildFile; fileRef = 236C12812234587B0072197B /* PaintersAndPaintingsUITests.swift */; };
		236C1292223470C50072197B /* Art.swift in Sources */ = {isa = PBXBuildFile; fileRef = 236C1291223470C50072197B /* Art.swift */; };
/* End PBXBuildFile section */

/* Begin PBXContainerItemProxy section */
		236C12732234587B0072197B /* PBXContainerItemProxy */ = {
			isa = PBXContainerItemProxy;
			containerPortal = 236C1254223458780072197B /* Project object */;
			proxyType = 1;
			remoteGlobalIDString = 236C125B223458780072197B;
			remoteInfo = PaintersAndPaintings;
		};
		236C127E2234587B0072197B /* PBXContainerItemProxy */ = {
			isa = PBXContainerItemProxy;
			containerPortal = 236C1254223458780072197B /* Project object */;
			proxyType = 1;
			remoteGlobalIDString = 236C125B223458780072197B;
			remoteInfo = PaintersAndPaintings;
		};
/* End PBXContainerItemProxy section */

/* Begin PBXFileReference section */
		236C125C223458780072197B /* PaintersAndPaintings.app */ = {isa = PBXFileReference; explicitFileType = wrapper.application; includeInIndex = 0; path = PaintersAndPaintings.app; sourceTree = BUILT_PRODUCTS_DIR; };
		236C125F223458780072197B /* AppDelegate.swift */ = {isa = PBXFileReference; lastKnownFileType = sourcecode.swift; path = AppDelegate.swift; sourceTree = "<group>"; };
		236C1261223458780072197B /* MasterViewController.swift */ = {isa = PBXFileReference; lastKnownFileType = sourcecode.swift; path = MasterViewController.swift; sourceTree = "<group>"; };
		236C1263223458780072197B /* DetailViewController.swift */ = {isa = PBXFileReference; lastKnownFileType = sourcecode.swift; path = DetailViewController.swift; sourceTree = "<group>"; };
		236C1266223458780072197B /* Base */ = {isa = PBXFileReference; lastKnownFileType = file.storyboard; name = Base; path = Base.lproj/Main.storyboard; sourceTree = "<group>"; };
		236C12682234587B0072197B /* Assets.xcassets */ = {isa = PBXFileReference; lastKnownFileType = folder.assetcatalog; path = Assets.xcassets; sourceTree = "<group>"; };
		236C126B2234587B0072197B /* Base */ = {isa = PBXFileReference; lastKnownFileType = file.storyboard; name = Base; path = Base.lproj/LaunchScreen.storyboard; sourceTree = "<group>"; };
		236C126D2234587B0072197B /* Info.plist */ = {isa = PBXFileReference; lastKnownFileType = text.plist.xml; path = Info.plist; sourceTree = "<group>"; };
		236C12722234587B0072197B /* PaintersAndPaintingsTests.xctest */ = {isa = PBXFileReference; explicitFileType = wrapper.cfbundle; includeInIndex = 0; path = PaintersAndPaintingsTests.xctest; sourceTree = BUILT_PRODUCTS_DIR; };
		236C12762234587B0072197B /* PaintersAndPaintingsTests.swift */ = {isa = PBXFileReference; lastKnownFileType = sourcecode.swift; path = PaintersAndPaintingsTests.swift; sourceTree = "<group>"; };
		236C12782234587B0072197B /* Info.plist */ = {isa = PBXFileReference; lastKnownFileType = text.plist.xml; path = Info.plist; sourceTree = "<group>"; };
		236C127D2234587B0072197B /* PaintersAndPaintingsUITests.xctest */ = {isa = PBXFileReference; explicitFileType = wrapper.cfbundle; includeInIndex = 0; path = PaintersAndPaintingsUITests.xctest; sourceTree = BUILT_PRODUCTS_DIR; };
		236C12812234587B0072197B /* PaintersAndPaintingsUITests.swift */ = {isa = PBXFileReference; lastKnownFileType = sourcecode.swift; path = PaintersAndPaintingsUITests.swift; sourceTree = "<group>"; };
		236C12832234587B0072197B /* Info.plist */ = {isa = PBXFileReference; lastKnownFileType = text.plist.xml; path = Info.plist; sourceTree = "<group>"; };
		236C1291223470C50072197B /* Art.swift */ = {isa = PBXFileReference; fileEncoding = 4; lastKnownFileType = sourcecode.swift; path = Art.swift; sourceTree = "<group>"; };
/* End PBXFileReference section */

/* Begin PBXFrameworksBuildPhase section */
		236C1259223458780072197B /* Frameworks */ = {
			isa = PBXFrameworksBuildPhase;
			buildActionMask = 2147483647;
			files = (
			);
			runOnlyForDeploymentPostprocessing = 0;
		};
		236C126F2234587B0072197B /* Frameworks */ = {
			isa = PBXFrameworksBuildPhase;
			buildActionMask = 2147483647;
			files = (
			);
			runOnlyForDeploymentPostprocessing = 0;
		};
		236C127A2234587B0072197B /* Frameworks */ = {
			isa = PBXFrameworksBuildPhase;
			buildActionMask = 2147483647;
			files = (
			);
			runOnlyForDeploymentPostprocessing = 0;
		};
/* End PBXFrameworksBuildPhase section */

/* Begin PBXGroup section */
		236C1253223458780072197B = {
			isa = PBXGroup;
			children = (
				236C125E223458780072197B /* PaintersAndPaintings */,
				236C12752234587B0072197B /* PaintersAndPaintingsTests */,
				236C12802234587B0072197B /* PaintersAndPaintingsUITests */,
				236C125D223458780072197B /* Products */,
			);
			sourceTree = "<group>";
		};
		236C125D223458780072197B /* Products */ = {
			isa = PBXGroup;
			children = (
				236C125C223458780072197B /* PaintersAndPaintings.app */,
				236C12722234587B0072197B /* PaintersAndPaintingsTests.xctest */,
				236C127D2234587B0072197B /* PaintersAndPaintingsUITests.xctest */,
			);
			name = Products;
			sourceTree = "<group>";
		};
		236C125E223458780072197B /* PaintersAndPaintings */ = {
			isa = PBXGroup;
			children = (
				236C125F223458780072197B /* AppDelegate.swift */,
				236C1261223458780072197B /* MasterViewController.swift */,
				236C1263223458780072197B /* DetailViewController.swift */,
				236C1265223458780072197B /* Main.storyboard */,
				236C12682234587B0072197B /* Assets.xcassets */,
				236C126A2234587B0072197B /* LaunchScreen.storyboard */,
				236C126D2234587B0072197B /* Info.plist */,
				236C1291223470C50072197B /* Art.swift */,
			);
			path = PaintersAndPaintings;
			sourceTree = "<group>";
		};
		236C12752234587B0072197B /* PaintersAndPaintingsTests */ = {
			isa = PBXGroup;
			children = (
				236C12762234587B0072197B /* PaintersAndPaintingsTests.swift */,
				236C12782234587B0072197B /* Info.plist */,
			);
			path = PaintersAndPaintingsTests;
			sourceTree = "<group>";
		};
		236C12802234587B0072197B /* PaintersAndPaintingsUITests */ = {
			isa = PBXGroup;
			children = (
				236C12812234587B0072197B /* PaintersAndPaintingsUITests.swift */,
				236C12832234587B0072197B /* Info.plist */,
			);
			path = PaintersAndPaintingsUITests;
			sourceTree = "<group>";
		};
/* End PBXGroup section */

/* Begin PBXNativeTarget section */
		236C125B223458780072197B /* PaintersAndPaintings */ = {
			isa = PBXNativeTarget;
			buildConfigurationList = 236C12862234587B0072197B /* Build configuration list for PBXNativeTarget "PaintersAndPaintings" */;
			buildPhases = (
				236C1258223458780072197B /* Sources */,
				236C1259223458780072197B /* Frameworks */,
				236C125A223458780072197B /* Resources */,
			);
			buildRules = (
			);
			dependencies = (
			);
			name = PaintersAndPaintings;
			productName = PaintersAndPaintings;
			productReference = 236C125C223458780072197B /* PaintersAndPaintings.app */;
			productType = "com.apple.product-type.application";
		};
		236C12712234587B0072197B /* PaintersAndPaintingsTests */ = {
			isa = PBXNativeTarget;
			buildConfigurationList = 236C12892234587B0072197B /* Build configuration list for PBXNativeTarget "PaintersAndPaintingsTests" */;
			buildPhases = (
				236C126E2234587B0072197B /* Sources */,
				236C126F2234587B0072197B /* Frameworks */,
				236C12702234587B0072197B /* Resources */,
			);
			buildRules = (
			);
			dependencies = (
				236C12742234587B0072197B /* PBXTargetDependency */,
			);
			name = PaintersAndPaintingsTests;
			productName = PaintersAndPaintingsTests;
			productReference = 236C12722234587B0072197B /* PaintersAndPaintingsTests.xctest */;
			productType = "com.apple.product-type.bundle.unit-test";
		};
		236C127C2234587B0072197B /* PaintersAndPaintingsUITests */ = {
			isa = PBXNativeTarget;
			buildConfigurationList = 236C128C2234587B0072197B /* Build configuration list for PBXNativeTarget "PaintersAndPaintingsUITests" */;
			buildPhases = (
				236C12792234587B0072197B /* Sources */,
				236C127A2234587B0072197B /* Frameworks */,
				236C127B2234587B0072197B /* Resources */,
			);
			buildRules = (
			);
			dependencies = (
				236C127F2234587B0072197B /* PBXTargetDependency */,
			);
			name = PaintersAndPaintingsUITests;
			productName = PaintersAndPaintingsUITests;
			productReference = 236C127D2234587B0072197B /* PaintersAndPaintingsUITests.xctest */;
			productType = "com.apple.product-type.bundle.ui-testing";
		};
/* End PBXNativeTarget section */

/* Begin PBXProject section */
		236C1254223458780072197B /* Project object */ = {
			isa = PBXProject;
			attributes = {
				LastSwiftUpdateCheck = 1010;
				LastUpgradeCheck = 1010;
				ORGANIZATIONNAME = Ahmet;
				TargetAttributes = {
					236C125B223458780072197B = {
						CreatedOnToolsVersion = 10.1;
					};
					236C12712234587B0072197B = {
						CreatedOnToolsVersion = 10.1;
						TestTargetID = 236C125B223458780072197B;
					};
					236C127C2234587B0072197B = {
						CreatedOnToolsVersion = 10.1;
						TestTargetID = 236C125B223458780072197B;
					};
				};
			};
			buildConfigurationList = 236C1257223458780072197B /* Build configuration list for PBXProject "PaintersAndPaintings" */;
			compatibilityVersion = "Xcode 9.3";
			developmentRegion = en;
			hasScannedForEncodings = 0;
			knownRegions = (
				en,
				Base,
			);
			mainGroup = 236C1253223458780072197B;
			productRefGroup = 236C125D223458780072197B /* Products */;
			projectDirPath = "";
			projectRoot = "";
			targets = (
				236C125B223458780072197B /* PaintersAndPaintings */,
				236C12712234587B0072197B /* PaintersAndPaintingsTests */,
				236C127C2234587B0072197B /* PaintersAndPaintingsUITests */,
			);
		};
/* End PBXProject section */

/* Begin PBXResourcesBuildPhase section */
		236C125A223458780072197B /* Resources */ = {
			isa = PBXResourcesBuildPhase;
			buildActionMask = 2147483647;
			files = (
				236C126C2234587B0072197B /* LaunchScreen.storyboard in Resources */,
				236C12692234587B0072197B /* Assets.xcassets in Resources */,
				236C1267223458780072197B /* Main.storyboard in Resources */,
			);
			runOnlyForDeploymentPostprocessing = 0;
		};
		236C12702234587B0072197B /* Resources */ = {
			isa = PBXResourcesBuildPhase;
			buildActionMask = 2147483647;
			files = (
			);
			runOnlyForDeploymentPostprocessing = 0;
		};
		236C127B2234587B0072197B /* Resources */ = {
			isa = PBXResourcesBuildPhase;
			buildActionMask = 2147483647;
			files = (
			);
			runOnlyForDeploymentPostprocessing = 0;
		};
/* End PBXResourcesBuildPhase section */

/* Begin PBXSourcesBuildPhase section */
		236C1258223458780072197B /* Sources */ = {
			isa = PBXSourcesBuildPhase;
			buildActionMask = 2147483647;
			files = (
				236C1264223458780072197B /* DetailViewController.swift in Sources */,
				236C1262223458780072197B /* MasterViewController.swift in Sources */,
				236C1260223458780072197B /* AppDelegate.swift in Sources */,
				236C1292223470C50072197B /* Art.swift in Sources */,
			);
			runOnlyForDeploymentPostprocessing = 0;
		};
		236C126E2234587B0072197B /* Sources */ = {
			isa = PBXSourcesBuildPhase;
			buildActionMask = 2147483647;
			files = (
				236C12772234587B0072197B /* PaintersAndPaintingsTests.swift in Sources */,
			);
			runOnlyForDeploymentPostprocessing = 0;
		};
		236C12792234587B0072197B /* Sources */ = {
			isa = PBXSourcesBuildPhase;
			buildActionMask = 2147483647;
			files = (
				236C12822234587B0072197B /* PaintersAndPaintingsUITests.swift in Sources */,
			);
			runOnlyForDeploymentPostprocessing = 0;
		};
/* End PBXSourcesBuildPhase section */

/* Begin PBXTargetDependency section */
		236C12742234587B0072197B /* PBXTargetDependency */ = {
			isa = PBXTargetDependency;
			target = 236C125B223458780072197B /* PaintersAndPaintings */;
			targetProxy = 236C12732234587B0072197B /* PBXContainerItemProxy */;
		};
		236C127F2234587B0072197B /* PBXTargetDependency */ = {
			isa = PBXTargetDependency;
			target = 236C125B223458780072197B /* PaintersAndPaintings */;
			targetProxy = 236C127E2234587B0072197B /* PBXContainerItemProxy */;
		};
/* End PBXTargetDependency section */

/* Begin PBXVariantGroup section */
		236C1265223458780072197B /* Main.storyboard */ = {
			isa = PBXVariantGroup;
			children = (
				236C1266223458780072197B /* Base */,
			);
			name = Main.storyboard;
			sourceTree = "<group>";
		};
		236C126A2234587B0072197B /* LaunchScreen.storyboard */ = {
			isa = PBXVariantGroup;
			children = (
				236C126B2234587B0072197B /* Base */,
			);
			name = LaunchScreen.storyboard;
			sourceTree = "<group>";
		};
/* End PBXVariantGroup section */

/* Begin XCBuildConfiguration section */
		236C12842234587B0072197B /* Debug */ = {
			isa = XCBuildConfiguration;
			buildSettings = {
				ALWAYS_SEARCH_USER_PATHS = NO;
				CLANG_ANALYZER_NONNULL = YES;
				CLANG_ANALYZER_NUMBER_OBJECT_CONVERSION = YES_AGGRESSIVE;
				CLANG_CXX_LANGUAGE_STANDARD = "gnu++14";
				CLANG_CXX_LIBRARY = "libc++";
				CLANG_ENABLE_MODULES = YES;
				CLANG_ENABLE_OBJC_ARC = YES;
				CLANG_ENABLE_OBJC_WEAK = YES;
				CLANG_WARN_BLOCK_CAPTURE_AUTORELEASING = YES;
				CLANG_WARN_BOOL_CONVERSION = YES;
				CLANG_WARN_COMMA = YES;
				CLANG_WARN_CONSTANT_CONVERSION = YES;
				CLANG_WARN_DEPRECATED_OBJC_IMPLEMENTATIONS = YES;
				CLANG_WARN_DIRECT_OBJC_ISA_USAGE = YES_ERROR;
				CLANG_WARN_DOCUMENTATION_COMMENTS = YES;
				CLANG_WARN_EMPTY_BODY = YES;
				CLANG_WARN_ENUM_CONVERSION = YES;
				CLANG_WARN_INFINITE_RECURSION = YES;
				CLANG_WARN_INT_CONVERSION = YES;
				CLANG_WARN_NON_LITERAL_NULL_CONVERSION = YES;
				CLANG_WARN_OBJC_IMPLICIT_RETAIN_SELF = YES;
				CLANG_WARN_OBJC_LITERAL_CONVERSION = YES;
				CLANG_WARN_OBJC_ROOT_CLASS = YES_ERROR;
				CLANG_WARN_RANGE_LOOP_ANALYSIS = YES;
				CLANG_WARN_STRICT_PROTOTYPES = YES;
				CLANG_WARN_SUSPICIOUS_MOVE = YES;
				CLANG_WARN_UNGUARDED_AVAILABILITY = YES_AGGRESSIVE;
				CLANG_WARN_UNREACHABLE_CODE = YES;
				CLANG_WARN__DUPLICATE_METHOD_MATCH = YES;
				CODE_SIGN_IDENTITY = "iPhone Developer";
				COPY_PHASE_STRIP = NO;
				DEBUG_INFORMATION_FORMAT = dwarf;
				ENABLE_STRICT_OBJC_MSGSEND = YES;
				ENABLE_TESTABILITY = YES;
				GCC_C_LANGUAGE_STANDARD = gnu11;
				GCC_DYNAMIC_NO_PIC = NO;
				GCC_NO_COMMON_BLOCKS = YES;
				GCC_OPTIMIZATION_LEVEL = 0;
				GCC_PREPROCESSOR_DEFINITIONS = (
					"DEBUG=1",
					"$(inherited)",
				);
				GCC_WARN_64_TO_32_BIT_CONVERSION = YES;
				GCC_WARN_ABOUT_RETURN_TYPE = YES_ERROR;
				GCC_WARN_UNDECLARED_SELECTOR = YES;
				GCC_WARN_UNINITIALIZED_AUTOS = YES_AGGRESSIVE;
				GCC_WARN_UNUSED_FUNCTION = YES;
				GCC_WARN_UNUSED_VARIABLE = YES;
				IPHONEOS_DEPLOYMENT_TARGET = 12.1;
				MTL_ENABLE_DEBUG_INFO = INCLUDE_SOURCE;
				MTL_FAST_MATH = YES;
				ONLY_ACTIVE_ARCH = YES;
				SDKROOT = iphoneos;
				SWIFT_ACTIVE_COMPILATION_CONDITIONS = DEBUG;
				SWIFT_OPTIMIZATION_LEVEL = "-Onone";
			};
			name = Debug;
		};
		236C12852234587B0072197B /* Release */ = {
			isa = XCBuildConfiguration;
			buildSettings = {
				ALWAYS_SEARCH_USER_PATHS = NO;
				CLANG_ANALYZER_NONNULL = YES;
				CLANG_ANALYZER_NUMBER_OBJECT_CONVERSION = YES_AGGRESSIVE;
				CLANG_CXX_LANGUAGE_STANDARD = "gnu++14";
				CLANG_CXX_LIBRARY = "libc++";
				CLANG_ENABLE_MODULES = YES;
				CLANG_ENABLE_OBJC_ARC = YES;
				CLANG_ENABLE_OBJC_WEAK = YES;
				CLANG_WARN_BLOCK_CAPTURE_AUTORELEASING = YES;
				CLANG_WARN_BOOL_CONVERSION = YES;
				CLANG_WARN_COMMA = YES;
				CLANG_WARN_CONSTANT_CONVERSION = YES;
				CLANG_WARN_DEPRECATED_OBJC_IMPLEMENTATIONS = YES;
				CLANG_WARN_DIRECT_OBJC_ISA_USAGE = YES_ERROR;
				CLANG_WARN_DOCUMENTATION_COMMENTS = YES;
				CLANG_WARN_EMPTY_BODY = YES;
				CLANG_WARN_ENUM_CONVERSION = YES;
				CLANG_WARN_INFINITE_RECURSION = YES;
				CLANG_WARN_INT_CONVERSION = YES;
				CLANG_WARN_NON_LITERAL_NULL_CONVERSION = YES;
				CLANG_WARN_OBJC_IMPLICIT_RETAIN_SELF = YES;
				CLANG_WARN_OBJC_LITERAL_CONVERSION = YES;
				CLANG_WARN_OBJC_ROOT_CLASS = YES_ERROR;
				CLANG_WARN_RANGE_LOOP_ANALYSIS = YES;
				CLANG_WARN_STRICT_PROTOTYPES = YES;
				CLANG_WARN_SUSPICIOUS_MOVE = YES;
				CLANG_WARN_UNGUARDED_AVAILABILITY = YES_AGGRESSIVE;
				CLANG_WARN_UNREACHABLE_CODE = YES;
				CLANG_WARN__DUPLICATE_METHOD_MATCH = YES;
				CODE_SIGN_IDENTITY = "iPhone Developer";
				COPY_PHASE_STRIP = NO;
				DEBUG_INFORMATION_FORMAT = "dwarf-with-dsym";
				ENABLE_NS_ASSERTIONS = NO;
				ENABLE_STRICT_OBJC_MSGSEND = YES;
				GCC_C_LANGUAGE_STANDARD = gnu11;
				GCC_NO_COMMON_BLOCKS = YES;
				GCC_WARN_64_TO_32_BIT_CONVERSION = YES;
				GCC_WARN_ABOUT_RETURN_TYPE = YES_ERROR;
				GCC_WARN_UNDECLARED_SELECTOR = YES;
				GCC_WARN_UNINITIALIZED_AUTOS = YES_AGGRESSIVE;
				GCC_WARN_UNUSED_FUNCTION = YES;
				GCC_WARN_UNUSED_VARIABLE = YES;
				IPHONEOS_DEPLOYMENT_TARGET = 12.1;
				MTL_ENABLE_DEBUG_INFO = NO;
				MTL_FAST_MATH = YES;
				SDKROOT = iphoneos;
				SWIFT_COMPILATION_MODE = wholemodule;
				SWIFT_OPTIMIZATION_LEVEL = "-O";
				VALIDATE_PRODUCT = YES;
			};
			name = Release;
		};
		236C12872234587B0072197B /* Debug */ = {
			isa = XCBuildConfiguration;
			buildSettings = {
				ASSETCATALOG_COMPILER_APPICON_NAME = AppIcon;
				CODE_SIGN_STYLE = Automatic;
				DEVELOPMENT_TEAM = MQ79U7S5FQ;
				INFOPLIST_FILE = PaintersAndPaintings/Info.plist;
				LD_RUNPATH_SEARCH_PATHS = (
					"$(inherited)",
					"@executable_path/Frameworks",
				);
				PRODUCT_BUNDLE_IDENTIFIER = edu.depaul.csc371.PaintersAndPaintings;
				PRODUCT_NAME = "$(TARGET_NAME)";
				SWIFT_VERSION = 4.2;
				TARGETED_DEVICE_FAMILY = "1,2";
			};
			name = Debug;
		};
		236C12882234587B0072197B /* Release */ = {
			isa = XCBuildConfiguration;
			buildSettings = {
				ASSETCATALOG_COMPILER_APPICON_NAME = AppIcon;
				CODE_SIGN_STYLE = Automatic;
				DEVELOPMENT_TEAM = MQ79U7S5FQ;
				INFOPLIST_FILE = PaintersAndPaintings/Info.plist;
				LD_RUNPATH_SEARCH_PATHS = (
					"$(inherited)",
					"@executable_path/Frameworks",
				);
				PRODUCT_BUNDLE_IDENTIFIER = edu.depaul.csc371.PaintersAndPaintings;
				PRODUCT_NAME = "$(TARGET_NAME)";
				SWIFT_VERSION = 4.2;
				TARGETED_DEVICE_FAMILY = "1,2";
			};
			name = Release;
		};
		236C128A2234587B0072197B /* Debug */ = {
			isa = XCBuildConfiguration;
			buildSettings = {
				ALWAYS_EMBED_SWIFT_STANDARD_LIBRARIES = YES;
				BUNDLE_LOADER = "$(TEST_HOST)";
				CODE_SIGN_STYLE = Automatic;
				DEVELOPMENT_TEAM = MQ79U7S5FQ;
				INFOPLIST_FILE = PaintersAndPaintingsTests/Info.plist;
				LD_RUNPATH_SEARCH_PATHS = (
					"$(inherited)",
					"@executable_path/Frameworks",
					"@loader_path/Frameworks",
				);
				PRODUCT_BUNDLE_IDENTIFIER = edu.depaul.csc371.PaintersAndPaintingsTests;
				PRODUCT_NAME = "$(TARGET_NAME)";
				SWIFT_VERSION = 4.2;
				TARGETED_DEVICE_FAMILY = "1,2";
				TEST_HOST = "$(BUILT_PRODUCTS_DIR)/PaintersAndPaintings.app/PaintersAndPaintings";
			};
			name = Debug;
		};
		236C128B2234587B0072197B /* Release */ = {
			isa = XCBuildConfiguration;
			buildSettings = {
				ALWAYS_EMBED_SWIFT_STANDARD_LIBRARIES = YES;
				BUNDLE_LOADER = "$(TEST_HOST)";
				CODE_SIGN_STYLE = Automatic;
				DEVELOPMENT_TEAM = MQ79U7S5FQ;
				INFOPLIST_FILE = PaintersAndPaintingsTests/Info.plist;
				LD_RUNPATH_SEARCH_PATHS = (
					"$(inherited)",
					"@executable_path/Frameworks",
					"@loader_path/Frameworks",
				);
				PRODUCT_BUNDLE_IDENTIFIER = edu.depaul.csc371.PaintersAndPaintingsTests;
				PRODUCT_NAME = "$(TARGET_NAME)";
				SWIFT_VERSION = 4.2;
				TARGETED_DEVICE_FAMILY = "1,2";
				TEST_HOST = "$(BUILT_PRODUCTS_DIR)/PaintersAndPaintings.app/PaintersAndPaintings";
			};
			name = Release;
		};
		236C128D2234587B0072197B /* Debug */ = {
			isa = XCBuildConfiguration;
			buildSettings = {
				ALWAYS_EMBED_SWIFT_STANDARD_LIBRARIES = YES;
				CODE_SIGN_STYLE = Automatic;
				DEVELOPMENT_TEAM = MQ79U7S5FQ;
				INFOPLIST_FILE = PaintersAndPaintingsUITests/Info.plist;
				LD_RUNPATH_SEARCH_PATHS = (
					"$(inherited)",
					"@executable_path/Frameworks",
					"@loader_path/Frameworks",
				);
				PRODUCT_BUNDLE_IDENTIFIER = edu.depaul.csc371.PaintersAndPaintingsUITests;
				PRODUCT_NAME = "$(TARGET_NAME)";
				SWIFT_VERSION = 4.2;
				TARGETED_DEVICE_FAMILY = "1,2";
				TEST_TARGET_NAME = PaintersAndPaintings;
			};
			name = Debug;
		};
		236C128E2234587B0072197B /* Release */ = {
			isa = XCBuildConfiguration;
			buildSettings = {
				ALWAYS_EMBED_SWIFT_STANDARD_LIBRARIES = YES;
				CODE_SIGN_STYLE = Automatic;
				DEVELOPMENT_TEAM = MQ79U7S5FQ;
				INFOPLIST_FILE = PaintersAndPaintingsUITests/Info.plist;
				LD_RUNPATH_SEARCH_PATHS = (
					"$(inherited)",
					"@executable_path/Frameworks",
					"@loader_path/Frameworks",
				);
				PRODUCT_BUNDLE_IDENTIFIER = edu.depaul.csc371.PaintersAndPaintingsUITests;
				PRODUCT_NAME = "$(TARGET_NAME)";
				SWIFT_VERSION = 4.2;
				TARGETED_DEVICE_FAMILY = "1,2";
				TEST_TARGET_NAME = PaintersAndPaintings;
			};
			name = Release;
		};
/* End XCBuildConfiguration section */

/* Begin XCConfigurationList section */
		236C1257223458780072197B /* Build configuration list for PBXProject "PaintersAndPaintings" */ = {
			isa = XCConfigurationList;
			buildConfigurations = (
				236C12842234587B0072197B /* Debug */,
				236C12852234587B0072197B /* Release */,
			);
			defaultConfigurationIsVisible = 0;
			defaultConfigurationName = Release;
		};
		236C12862234587B0072197B /* Build configuration list for PBXNativeTarget "PaintersAndPaintings" */ = {
			isa = XCConfigurationList;
			buildConfigurations = (
				236C12872234587B0072197B /* Debug */,
				236C12882234587B0072197B /* Release */,
			);
			defaultConfigurationIsVisible = 0;
			defaultConfigurationName = Release;
		};
		236C12892234587B0072197B /* Build configuration list for PBXNativeTarget "PaintersAndPaintingsTests" */ = {
			isa = XCConfigurationList;
			buildConfigurations = (
				236C128A2234587B0072197B /* Debug */,
				236C128B2234587B0072197B /* Release */,
			);
			defaultConfigurationIsVisible = 0;
			defaultConfigurationName = Release;
		};
		236C128C2234587B0072197B /* Build configuration list for PBXNativeTarget "PaintersAndPaintingsUITests" */ = {
			isa = XCConfigurationList;
			buildConfigurations = (
				236C128D2234587B0072197B /* Debug */,
				236C128E2234587B0072197B /* Release */,
			);
			defaultConfigurationIsVisible = 0;
			defaultConfigurationName = Release;
		};
/* End XCConfigurationList section */
	};
	rootObject = 236C1254223458780072197B /* Project object */;
}
